
Microsoft Visual Studio Solution File, Format Version 12.00
# Visual Studio Version 17
VisualStudioVersion = 17.8.34511.84
MinimumVisualStudioVersion = 10.0.40219.1
Project("{9A19103F-16F7-4668-BE54-9A1E7A4F7556}") = "TaskWebApp", "TaskWebApp\TaskWebApp.csproj", "{24CB0D62-28AA-4A3B-8831-258B89A96DBF}"
EndProject
Project("{FAE04EC0-301F-11D3-BF4B-00C04F79EFBC}") = "UnitTest", "UnitTest\UnitTest.csproj", "{41D51C90-2FF6-4585-949B-71527BD2DF07}"
EndProject
Global
	GlobalSection(SolutionConfigurationPlatforms) = preSolution
		Debug|Any CPU = Debug|Any CPU
		Release|Any CPU = Release|Any CPU
	EndGlobalSection
	GlobalSection(ProjectConfigurationPlatforms) = postSolution
		{24CB0D62-28AA-4A3B-8831-258B89A96DBF}.Debug|Any CPU.ActiveCfg = Debug|Any CPU
		{24CB0D62-28AA-4A3B-8831-258B89A96DBF}.Debug|Any CPU.Build.0 = Debug|Any CPU
		{24CB0D62-28AA-4A3B-8831-258B89A96DBF}.Release|Any CPU.ActiveCfg = Release|Any CPU
		{24CB0D62-28AA-4A3B-8831-258B89A96DBF}.Release|Any CPU.Build.0 = Release|Any CPU
		{41D51C90-2FF6-4585-949B-71527BD2DF07}.Debug|Any CPU.ActiveCfg = Debug|Any CPU
		{41D51C90-2FF6-4585-949B-71527BD2DF07}.Debug|Any CPU.Build.0 = Debug|Any CPU
		{41D51C90-2FF6-4585-949B-71527BD2DF07}.Release|Any CPU.ActiveCfg = Release|Any CPU
		{41D51C90-2FF6-4585-949B-71527BD2DF07}.Release|Any CPU.Build.0 = Release|Any CPU
	EndGlobalSection
	GlobalSection(SolutionProperties) = preSolution
		HideSolutionNode = FALSE
	EndGlobalSection
	GlobalSection(ExtensibilityGlobals) = postSolution
		SolutionGuid = {C6FCA5CB-E522-419C-9FC5-1A520A60E713}
	EndGlobalSection
EndGlobal
